
Microsoft Visual Studio Solution File, Format Version 12.00
# Visual Studio 15
VisualStudioVersion = 15.0.28307.572
MinimumVisualStudioVersion = 10.0.40219.1
Project("{FAE04EC0-301F-11D3-BF4B-00C04F79EFBC}") = "Aula06_Ex01", "Aula06_Ex01\Aula06_Ex01.csproj", "{D2707E0A-58B7-4084-ADAE-A9BA801BEC11}"
EndProject
Global
	GlobalSection(SolutionConfigurationPlatforms) = preSolution
		Debug|Any CPU = Debug|Any CPU
		Release|Any CPU = Release|Any CPU
	EndGlobalSection
	GlobalSection(ProjectConfigurationPlatforms) = postSolution
		{D2707E0A-58B7-4084-ADAE-A9BA801BEC11}.Debug|Any CPU.ActiveCfg = Debug|Any CPU
		{D2707E0A-58B7-4084-ADAE-A9BA801BEC11}.Debug|Any CPU.Build.0 = Debug|Any CPU
		{D2707E0A-58B7-4084-ADAE-A9BA801BEC11}.Release|Any CPU.ActiveCfg = Release|Any CPU
		{D2707E0A-58B7-4084-ADAE-A9BA801BEC11}.Release|Any CPU.Build.0 = Release|Any CPU
	EndGlobalSection
	GlobalSection(SolutionProperties) = preSolution
		HideSolutionNode = FALSE
	EndGlobalSection
	GlobalSection(ExtensibilityGlobals) = postSolution
		SolutionGuid = {9653CD38-B93F-484A-94A2-69203F4FCB22}
	EndGlobalSection
EndGlobal
